
Microsoft Visual Studio Solution File, Format Version 12.00
Project("{2150E333-8FDC-42A3-9474-1A3956D46DE8}") = "src", "src", "{161FB1E5-4A8B-4FE0-BB28-DBF771DD617A}"
EndProject
Project("{2150E333-8FDC-42A3-9474-1A3956D46DE8}") = "tests", "tests", "{1BA494F2-571D-4483-8EAC-551A7F28BB1B}"
EndProject
Project("{2150E333-8FDC-42A3-9474-1A3956D46DE8}") = "00.Framework", "00.Framework", "{B4FDC306-8084-4711-9ABA-8E226D9AC865}"
EndProject
Project("{2150E333-8FDC-42A3-9474-1A3956D46DE8}") = "01.Core", "01.Core", "{2FF189DD-85C9-4E5C-9301-32121AEFAF98}"
EndProject
Project("{2150E333-8FDC-42A3-9474-1A3956D46DE8}") = "02.Infrastructure", "02.Infrastructure", "{4645537D-5DF7-4AF2-9E49-1F49B6499A42}"
EndProject
Project("{2150E333-8FDC-42A3-9474-1A3956D46DE8}") = "03.Presentation", "03.Presentation", "{4CB6B777-08A8-4259-9A0F-5937C751D5C0}"
EndProject
Project("{FAE04EC0-301F-11D3-BF4B-00C04F79EFBC}") = "AIHR.EventScheduler.Contracts", "src\00.Framework\Contracts\AIHR.EventScheduler.Contracts.csproj", "{ABF8B58B-7E14-4571-8E3E-4AE2ECF896DE}"
EndProject
Project("{FAE04EC0-301F-11D3-BF4B-00C04F79EFBC}") = "AIHR.EventScheduler.Application", "src\01.Core\Application\AIHR.EventScheduler.Application.csproj", "{355AFE41-A80F-43DE-ADD6-DEEB223FA360}"
EndProject
Project("{FAE04EC0-301F-11D3-BF4B-00C04F79EFBC}") = "AIHR.EventScheduler.Domain", "src\01.Core\Domain\AIHR.EventScheduler.Domain.csproj", "{D1059B53-7084-4501-B43D-06C13C8C36DC}"
EndProject
Project("{FAE04EC0-301F-11D3-BF4B-00C04F79EFBC}") = "AIHR.EventScheduler.Persistence.EF", "src\02.Infrastructure\Persistence.EF\AIHR.EventScheduler.Persistence.EF.csproj", "{676075B3-E5F1-4BF0-9001-B60BB95DBAC6}"
EndProject
Project("{FAE04EC0-301F-11D3-BF4B-00C04F79EFBC}") = "AIHR.EventScheduler.WebApi", "src\03.Presentation\WebApi\AIHR.EventScheduler.WebApi.csproj", "{E4ACA756-36CC-40BB-AE98-F4A943669749}"
EndProject
Project("{FAE04EC0-301F-11D3-BF4B-00C04F79EFBC}") = "AIHR.EventScheduler.Applications.Unit.Tests", "tests\Applications.Unit.Tests\AIHR.EventScheduler.Applications.Unit.Tests.csproj", "{9B6F3C34-EE3D-4368-844C-EA21CB505161}"
EndProject
Project("{FAE04EC0-301F-11D3-BF4B-00C04F79EFBC}") = "AIHR.EventScheduler.Test.Tools", "tests\Test.Tools\AIHR.EventScheduler.Test.Tools.csproj", "{FF474F85-FE16-48BA-A5E8-F4239E42C87D}"
EndProject
Project("{FAE04EC0-301F-11D3-BF4B-00C04F79EFBC}") = "AIHR.EventSchedulerInfrastructure", "src\02.Infrastructure\Infrastructure\AIHR.EventSchedulerInfrastructure.csproj", "{C2B83C89-1665-415B-8A35-D0F62B084DEF}"
EndProject
Project("{FAE04EC0-301F-11D3-BF4B-00C04F79EFBC}") = "AIHR.EventScheduler.Domain.Unit.Tests", "tests\Domain.Unit.Tests\AIHR.EventScheduler.Domain.Unit.Tests.csproj", "{1B24EC82-C62B-4EBC-8377-531C4FF65FD2}"
EndProject
Global
	GlobalSection(SolutionConfigurationPlatforms) = preSolution
		Debug|Any CPU = Debug|Any CPU
		Release|Any CPU = Release|Any CPU
	EndGlobalSection
	GlobalSection(NestedProjects) = preSolution
		{B4FDC306-8084-4711-9ABA-8E226D9AC865} = {161FB1E5-4A8B-4FE0-BB28-DBF771DD617A}
		{2FF189DD-85C9-4E5C-9301-32121AEFAF98} = {161FB1E5-4A8B-4FE0-BB28-DBF771DD617A}
		{4645537D-5DF7-4AF2-9E49-1F49B6499A42} = {161FB1E5-4A8B-4FE0-BB28-DBF771DD617A}
		{4CB6B777-08A8-4259-9A0F-5937C751D5C0} = {161FB1E5-4A8B-4FE0-BB28-DBF771DD617A}
		{ABF8B58B-7E14-4571-8E3E-4AE2ECF896DE} = {B4FDC306-8084-4711-9ABA-8E226D9AC865}
		{355AFE41-A80F-43DE-ADD6-DEEB223FA360} = {2FF189DD-85C9-4E5C-9301-32121AEFAF98}
		{D1059B53-7084-4501-B43D-06C13C8C36DC} = {2FF189DD-85C9-4E5C-9301-32121AEFAF98}
		{676075B3-E5F1-4BF0-9001-B60BB95DBAC6} = {4645537D-5DF7-4AF2-9E49-1F49B6499A42}
		{E4ACA756-36CC-40BB-AE98-F4A943669749} = {4CB6B777-08A8-4259-9A0F-5937C751D5C0}
		{9B6F3C34-EE3D-4368-844C-EA21CB505161} = {1BA494F2-571D-4483-8EAC-551A7F28BB1B}
		{FF474F85-FE16-48BA-A5E8-F4239E42C87D} = {1BA494F2-571D-4483-8EAC-551A7F28BB1B}
		{C2B83C89-1665-415B-8A35-D0F62B084DEF} = {4645537D-5DF7-4AF2-9E49-1F49B6499A42}
		{1B24EC82-C62B-4EBC-8377-531C4FF65FD2} = {1BA494F2-571D-4483-8EAC-551A7F28BB1B}
	EndGlobalSection
	GlobalSection(ProjectConfigurationPlatforms) = postSolution
		{ABF8B58B-7E14-4571-8E3E-4AE2ECF896DE}.Debug|Any CPU.ActiveCfg = Debug|Any CPU
		{ABF8B58B-7E14-4571-8E3E-4AE2ECF896DE}.Debug|Any CPU.Build.0 = Debug|Any CPU
		{ABF8B58B-7E14-4571-8E3E-4AE2ECF896DE}.Release|Any CPU.ActiveCfg = Release|Any CPU
		{ABF8B58B-7E14-4571-8E3E-4AE2ECF896DE}.Release|Any CPU.Build.0 = Release|Any CPU
		{355AFE41-A80F-43DE-ADD6-DEEB223FA360}.Debug|Any CPU.ActiveCfg = Debug|Any CPU
		{355AFE41-A80F-43DE-ADD6-DEEB223FA360}.Debug|Any CPU.Build.0 = Debug|Any CPU
		{355AFE41-A80F-43DE-ADD6-DEEB223FA360}.Release|Any CPU.ActiveCfg = Release|Any CPU
		{355AFE41-A80F-43DE-ADD6-DEEB223FA360}.Release|Any CPU.Build.0 = Release|Any CPU
		{D1059B53-7084-4501-B43D-06C13C8C36DC}.Debug|Any CPU.ActiveCfg = Debug|Any CPU
		{D1059B53-7084-4501-B43D-06C13C8C36DC}.Debug|Any CPU.Build.0 = Debug|Any CPU
		{D1059B53-7084-4501-B43D-06C13C8C36DC}.Release|Any CPU.ActiveCfg = Release|Any CPU
		{D1059B53-7084-4501-B43D-06C13C8C36DC}.Release|Any CPU.Build.0 = Release|Any CPU
		{676075B3-E5F1-4BF0-9001-B60BB95DBAC6}.Debug|Any CPU.ActiveCfg = Debug|Any CPU
		{676075B3-E5F1-4BF0-9001-B60BB95DBAC6}.Debug|Any CPU.Build.0 = Debug|Any CPU
		{676075B3-E5F1-4BF0-9001-B60BB95DBAC6}.Release|Any CPU.ActiveCfg = Release|Any CPU
		{676075B3-E5F1-4BF0-9001-B60BB95DBAC6}.Release|Any CPU.Build.0 = Release|Any CPU
		{E4ACA756-36CC-40BB-AE98-F4A943669749}.Debug|Any CPU.ActiveCfg = Debug|Any CPU
		{E4ACA756-36CC-40BB-AE98-F4A943669749}.Debug|Any CPU.Build.0 = Debug|Any CPU
		{E4ACA756-36CC-40BB-AE98-F4A943669749}.Release|Any CPU.ActiveCfg = Release|Any CPU
		{E4ACA756-36CC-40BB-AE98-F4A943669749}.Release|Any CPU.Build.0 = Release|Any CPU
		{9B6F3C34-EE3D-4368-844C-EA21CB505161}.Debug|Any CPU.ActiveCfg = Debug|Any CPU
		{9B6F3C34-EE3D-4368-844C-EA21CB505161}.Debug|Any CPU.Build.0 = Debug|Any CPU
		{9B6F3C34-EE3D-4368-844C-EA21CB505161}.Release|Any CPU.ActiveCfg = Release|Any CPU
		{9B6F3C34-EE3D-4368-844C-EA21CB505161}.Release|Any CPU.Build.0 = Release|Any CPU
		{FF474F85-FE16-48BA-A5E8-F4239E42C87D}.Debug|Any CPU.ActiveCfg = Debug|Any CPU
		{FF474F85-FE16-48BA-A5E8-F4239E42C87D}.Debug|Any CPU.Build.0 = Debug|Any CPU
		{FF474F85-FE16-48BA-A5E8-F4239E42C87D}.Release|Any CPU.ActiveCfg = Release|Any CPU
		{FF474F85-FE16-48BA-A5E8-F4239E42C87D}.Release|Any CPU.Build.0 = Release|Any CPU
		{C2B83C89-1665-415B-8A35-D0F62B084DEF}.Debug|Any CPU.ActiveCfg = Debug|Any CPU
		{C2B83C89-1665-415B-8A35-D0F62B084DEF}.Debug|Any CPU.Build.0 = Debug|Any CPU
		{C2B83C89-1665-415B-8A35-D0F62B084DEF}.Release|Any CPU.ActiveCfg = Release|Any CPU
		{C2B83C89-1665-415B-8A35-D0F62B084DEF}.Release|Any CPU.Build.0 = Release|Any CPU
		{1B24EC82-C62B-4EBC-8377-531C4FF65FD2}.Debug|Any CPU.ActiveCfg = Debug|Any CPU
		{1B24EC82-C62B-4EBC-8377-531C4FF65FD2}.Debug|Any CPU.Build.0 = Debug|Any CPU
		{1B24EC82-C62B-4EBC-8377-531C4FF65FD2}.Release|Any CPU.ActiveCfg = Release|Any CPU
		{1B24EC82-C62B-4EBC-8377-531C4FF65FD2}.Release|Any CPU.Build.0 = Release|Any CPU
	EndGlobalSection
EndGlobal
